
Microsoft Visual Studio Solution File, Format Version 10.00
# Visual C# Express 2008
Project("{FAE04EC0-301F-11D3-BF4B-00C04F79EFBC}") = "ZabbixTray", "ZabbixTray.csproj", "{6634604D-0A90-4DC1-9AB6-F2902B6B72E3}"
EndProject
Global
	GlobalSection(SolutionConfigurationPlatforms) = preSolution
		Debug|Any CPU = Debug|Any CPU
		Release|Any CPU = Release|Any CPU
	EndGlobalSection
	GlobalSection(ProjectConfigurationPlatforms) = postSolution
		{6634604D-0A90-4DC1-9AB6-F2902B6B72E3}.Debug|Any CPU.ActiveCfg = Debug|Any CPU
		{6634604D-0A90-4DC1-9AB6-F2902B6B72E3}.Debug|Any CPU.Build.0 = Debug|Any CPU
		{6634604D-0A90-4DC1-9AB6-F2902B6B72E3}.Release|Any CPU.ActiveCfg = Release|Any CPU
		{6634604D-0A90-4DC1-9AB6-F2902B6B72E3}.Release|Any CPU.Build.0 = Release|Any CPU
	EndGlobalSection
	GlobalSection(SolutionProperties) = preSolution
		HideSolutionNode = FALSE
	EndGlobalSection
EndGlobal
